// !$*UTF8*$!
{
	archiveVersion = 1;
	classes = {
	};
	objectVersion = 46;
	objects = {

/* Begin PBXBuildFile section */
		AD3D92EB1DEF71CD003393D5 /* AppDelegate.swift in Sources */ = {isa = PBXBuildFile; fileRef = AD3D92EA1DEF71CD003393D5 /* AppDelegate.swift */; };
		AD3D92ED1DEF71CD003393D5 /* GPXViewController.swift in Sources */ = {isa = PBXBuildFile; fileRef = AD3D92EC1DEF71CD003393D5 /* GPXViewController.swift */; };
		AD3D92F01DEF71CD003393D5 /* Main.storyboard in Resources */ = {isa = PBXBuildFile; fileRef = AD3D92EE1DEF71CD003393D5 /* Main.storyboard */; };
		AD3D92F21DEF71CD003393D5 /* Assets.xcassets in Resources */ = {isa = PBXBuildFile; fileRef = AD3D92F11DEF71CD003393D5 /* Assets.xcassets */; };
		AD3D92F51DEF71CD003393D5 /* LaunchScreen.storyboard in Resources */ = {isa = PBXBuildFile; fileRef = AD3D92F31DEF71CD003393D5 /* LaunchScreen.storyboard */; };
		ADB576EC1DEF7BF000366461 /* GPX.swift in Sources */ = {isa = PBXBuildFile; fileRef = ADB576EB1DEF7BF000366461 /* GPX.swift */; };
		ADB576EE1DEF7F4200366461 /* MKGPX.swift in Sources */ = {isa = PBXBuildFile; fileRef = ADB576ED1DEF7F4200366461 /* MKGPX.swift */; };
		ADBC42DF1DF0B9820022D738 /* ImageViewController.swift in Sources */ = {isa = PBXBuildFile; fileRef = ADBC42DE1DF0B9820022D738 /* ImageViewController.swift */; };
		ADBC42E11DF0BEB40022D738 /* EditWaypointViewController.swift in Sources */ = {isa = PBXBuildFile; fileRef = ADBC42E01DF0BEB40022D738 /* EditWaypointViewController.swift */; };
/* End PBXBuildFile section */

/* Begin PBXFileReference section */
		AD3D92E71DEF71CD003393D5 /* Trax.app */ = {isa = PBXFileReference; explicitFileType = wrapper.application; includeInIndex = 0; path = Trax.app; sourceTree = BUILT_PRODUCTS_DIR; };
		AD3D92EA1DEF71CD003393D5 /* AppDelegate.swift */ = {isa = PBXFileReference; lastKnownFileType = sourcecode.swift; path = AppDelegate.swift; sourceTree = "<group>"; };
		AD3D92EC1DEF71CD003393D5 /* GPXViewController.swift */ = {isa = PBXFileReference; lastKnownFileType = sourcecode.swift; path = GPXViewController.swift; sourceTree = "<group>"; };
		AD3D92EF1DEF71CD003393D5 /* Base */ = {isa = PBXFileReference; lastKnownFileType = file.storyboard; name = Base; path = Base.lproj/Main.storyboard; sourceTree = "<group>"; };
		AD3D92F11DEF71CD003393D5 /* Assets.xcassets */ = {isa = PBXFileReference; lastKnownFileType = folder.assetcatalog; path = Assets.xcassets; sourceTree = "<group>"; };
		AD3D92F41DEF71CD003393D5 /* Base */ = {isa = PBXFileReference; lastKnownFileType = file.storyboard; name = Base; path = Base.lproj/LaunchScreen.storyboard; sourceTree = "<group>"; };
		AD3D92F61DEF71CD003393D5 /* Info.plist */ = {isa = PBXFileReference; lastKnownFileType = text.plist.xml; path = Info.plist; sourceTree = "<group>"; };
		ADB576EB1DEF7BF000366461 /* GPX.swift */ = {isa = PBXFileReference; fileEncoding = 4; lastKnownFileType = sourcecode.swift; path = GPX.swift; sourceTree = "<group>"; };
		ADB576ED1DEF7F4200366461 /* MKGPX.swift */ = {isa = PBXFileReference; fileEncoding = 4; lastKnownFileType = sourcecode.swift; path = MKGPX.swift; sourceTree = "<group>"; };
		ADBC42DE1DF0B9820022D738 /* ImageViewController.swift */ = {isa = PBXFileReference; fileEncoding = 4; lastKnownFileType = sourcecode.swift; path = ImageViewController.swift; sourceTree = "<group>"; };
		ADBC42E01DF0BEB40022D738 /* EditWaypointViewController.swift */ = {isa = PBXFileReference; fileEncoding = 4; lastKnownFileType = sourcecode.swift; path = EditWaypointViewController.swift; sourceTree = "<group>"; };
/* End PBXFileReference section */

/* Begin PBXFrameworksBuildPhase section */
		AD3D92E41DEF71CD003393D5 /* Frameworks */ = {
			isa = PBXFrameworksBuildPhase;
			buildActionMask = 2147483647;
			files = (
			);
			runOnlyForDeploymentPostprocessing = 0;
		};
/* End PBXFrameworksBuildPhase section */

/* Begin PBXGroup section */
		AD3D92DE1DEF71CD003393D5 = {
			isa = PBXGroup;
			children = (
				AD3D92E91DEF71CD003393D5 /* Trax */,
				AD3D92E81DEF71CD003393D5 /* Products */,
			);
			sourceTree = "<group>";
		};
		AD3D92E81DEF71CD003393D5 /* Products */ = {
			isa = PBXGroup;
			children = (
				AD3D92E71DEF71CD003393D5 /* Trax.app */,
			);
			name = Products;
			sourceTree = "<group>";
		};
		AD3D92E91DEF71CD003393D5 /* Trax */ = {
			isa = PBXGroup;
			children = (
				AD3D92FC1DEF71D7003393D5 /* Supporting Files */,
				AD3D92EC1DEF71CD003393D5 /* GPXViewController.swift */,
				ADB576ED1DEF7F4200366461 /* MKGPX.swift */,
				ADBC42DE1DF0B9820022D738 /* ImageViewController.swift */,
				ADB576EB1DEF7BF000366461 /* GPX.swift */,
				AD3D92EE1DEF71CD003393D5 /* Main.storyboard */,
				ADBC42E01DF0BEB40022D738 /* EditWaypointViewController.swift */,
			);
			path = Trax;
			sourceTree = "<group>";
		};
		AD3D92FC1DEF71D7003393D5 /* Supporting Files */ = {
			isa = PBXGroup;
			children = (
				AD3D92EA1DEF71CD003393D5 /* AppDelegate.swift */,
				AD3D92F11DEF71CD003393D5 /* Assets.xcassets */,
				AD3D92F31DEF71CD003393D5 /* LaunchScreen.storyboard */,
				AD3D92F61DEF71CD003393D5 /* Info.plist */,
			);
			name = "Supporting Files";
			sourceTree = "<group>";
		};
/* End PBXGroup section */

/* Begin PBXNativeTarget section */
		AD3D92E61DEF71CD003393D5 /* Trax */ = {
			isa = PBXNativeTarget;
			buildConfigurationList = AD3D92F91DEF71CD003393D5 /* Build configuration list for PBXNativeTarget "Trax" */;
			buildPhases = (
				AD3D92E31DEF71CD003393D5 /* Sources */,
				AD3D92E41DEF71CD003393D5 /* Frameworks */,
				AD3D92E51DEF71CD003393D5 /* Resources */,
			);
			buildRules = (
			);
			dependencies = (
			);
			name = Trax;
			productName = Trax;
			productReference = AD3D92E71DEF71CD003393D5 /* Trax.app */;
			productType = "com.apple.product-type.application";
		};
/* End PBXNativeTarget section */

/* Begin PBXProject section */
		AD3D92DF1DEF71CD003393D5 /* Project object */ = {
			isa = PBXProject;
			attributes = {
				LastSwiftUpdateCheck = 0810;
				LastUpgradeCheck = 0810;
				ORGANIZATIONNAME = "Simen Gangstad";
				TargetAttributes = {
					AD3D92E61DEF71CD003393D5 = {
						CreatedOnToolsVersion = 8.1;
						DevelopmentTeam = YT53AFQ724;
						LastSwiftMigration = 0810;
						ProvisioningStyle = Automatic;
					};
				};
			};
			buildConfigurationList = AD3D92E21DEF71CD003393D5 /* Build configuration list for PBXProject "Trax" */;
			compatibilityVersion = "Xcode 3.2";
			developmentRegion = English;
			hasScannedForEncodings = 0;
			knownRegions = (
				en,
				Base,
			);
			mainGroup = AD3D92DE1DEF71CD003393D5;
			productRefGroup = AD3D92E81DEF71CD003393D5 /* Products */;
			projectDirPath = "";
			projectRoot = "";
			targets = (
				AD3D92E61DEF71CD003393D5 /* Trax */,
			);
		};
/* End PBXProject section */

/* Begin PBXResourcesBuildPhase section */
		AD3D92E51DEF71CD003393D5 /* Resources */ = {
			isa = PBXResourcesBuildPhase;
			buildActionMask = 2147483647;
			files = (
				AD3D92F51DEF71CD003393D5 /* LaunchScreen.storyboard in Resources */,
				AD3D92F21DEF71CD003393D5 /* Assets.xcassets in Resources */,
				AD3D92F01DEF71CD003393D5 /* Main.storyboard in Resources */,
			);
			runOnlyForDeploymentPostprocessing = 0;
		};
/* End PBXResourcesBuildPhase section */

/* Begin PBXSourcesBuildPhase section */
		AD3D92E31DEF71CD003393D5 /* Sources */ = {
			isa = PBXSourcesBuildPhase;
			buildActionMask = 2147483647;
			files = (
				AD3D92ED1DEF71CD003393D5 /* GPXViewController.swift in Sources */,
				ADB576EE1DEF7F4200366461 /* MKGPX.swift in Sources */,
				ADBC42E11DF0BEB40022D738 /* EditWaypointViewController.swift in Sources */,
				ADBC42DF1DF0B9820022D738 /* ImageViewController.swift in Sources */,
				AD3D92EB1DEF71CD003393D5 /* AppDelegate.swift in Sources */,
				ADB576EC1DEF7BF000366461 /* GPX.swift in Sources */,
			);
			runOnlyForDeploymentPostprocessing = 0;
		};
/* End PBXSourcesBuildPhase section */

/* Begin PBXVariantGroup section */
		AD3D92EE1DEF71CD003393D5 /* Main.storyboard */ = {
			isa = PBXVariantGroup;
			children = (
				AD3D92EF1DEF71CD003393D5 /* Base */,
			);
			name = Main.storyboard;
			sourceTree = "<group>";
		};
		AD3D92F31DEF71CD003393D5 /* LaunchScreen.storyboard */ = {
			isa = PBXVariantGroup;
			children = (
				AD3D92F41DEF71CD003393D5 /* Base */,
			);
			name = LaunchScreen.storyboard;
			sourceTree = "<group>";
		};
/* End PBXVariantGroup section */

/* Begin XCBuildConfiguration section */
		AD3D92F71DEF71CD003393D5 /* Debug */ = {
			isa = XCBuildConfiguration;
			buildSettings = {
				ALWAYS_SEARCH_USER_PATHS = NO;
				CLANG_ANALYZER_NONNULL = YES;
				CLANG_CXX_LANGUAGE_STANDARD = "gnu++0x";
				CLANG_CXX_LIBRARY = "libc++";
				CLANG_ENABLE_MODULES = YES;
				CLANG_ENABLE_OBJC_ARC = YES;
				CLANG_WARN_BOOL_CONVERSION = YES;
				CLANG_WARN_CONSTANT_CONVERSION = YES;
				CLANG_WARN_DIRECT_OBJC_ISA_USAGE = YES_ERROR;
				CLANG_WARN_DOCUMENTATION_COMMENTS = YES;
				CLANG_WARN_EMPTY_BODY = YES;
				CLANG_WARN_ENUM_CONVERSION = YES;
				CLANG_WARN_INFINITE_RECURSION = YES;
				CLANG_WARN_INT_CONVERSION = YES;
				CLANG_WARN_OBJC_ROOT_CLASS = YES_ERROR;
				CLANG_WARN_SUSPICIOUS_MOVES = YES;
				CLANG_WARN_UNREACHABLE_CODE = YES;
				CLANG_WARN__DUPLICATE_METHOD_MATCH = YES;
				"CODE_SIGN_IDENTITY[sdk=iphoneos*]" = "iPhone Developer";
				COPY_PHASE_STRIP = NO;
				DEBUG_INFORMATION_FORMAT = dwarf;
				ENABLE_STRICT_OBJC_MSGSEND = YES;
				ENABLE_TESTABILITY = YES;
				GCC_C_LANGUAGE_STANDARD = gnu99;
				GCC_DYNAMIC_NO_PIC = NO;
				GCC_NO_COMMON_BLOCKS = YES;
				GCC_OPTIMIZATION_LEVEL = 0;
				GCC_PREPROCESSOR_DEFINITIONS = (
					"DEBUG=1",
					"$(inherited)",
				);
				GCC_WARN_64_TO_32_BIT_CONVERSION = YES;
				GCC_WARN_ABOUT_RETURN_TYPE = YES_ERROR;
				GCC_WARN_UNDECLARED_SELECTOR = YES;
				GCC_WARN_UNINITIALIZED_AUTOS = YES_AGGRESSIVE;
				GCC_WARN_UNUSED_FUNCTION = YES;
				GCC_WARN_UNUSED_VARIABLE = YES;
				IPHONEOS_DEPLOYMENT_TARGET = 10.1;
				MTL_ENABLE_DEBUG_INFO = YES;
				ONLY_ACTIVE_ARCH = YES;
				SDKROOT = iphoneos;
				SWIFT_ACTIVE_COMPILATION_CONDITIONS = DEBUG;
				SWIFT_OPTIMIZATION_LEVEL = "-Onone";
			};
			name = Debug;
		};
		AD3D92F81DEF71CD003393D5 /* Release */ = {
			isa = XCBuildConfiguration;
			buildSettings = {
				ALWAYS_SEARCH_USER_PATHS = NO;
				CLANG_ANALYZER_NONNULL = YES;
				CLANG_CXX_LANGUAGE_STANDARD = "gnu++0x";
				CLANG_CXX_LIBRARY = "libc++";
				CLANG_ENABLE_MODULES = YES;
				CLANG_ENABLE_OBJC_ARC = YES;
				CLANG_WARN_BOOL_CONVERSION = YES;
				CLANG_WARN_CONSTANT_CONVERSION = YES;
				CLANG_WARN_DIRECT_OBJC_ISA_USAGE = YES_ERROR;
				CLANG_WARN_DOCUMENTATION_COMMENTS = YES;
				CLANG_WARN_EMPTY_BODY = YES;
				CLANG_WARN_ENUM_CONVERSION = YES;
				CLANG_WARN_INFINITE_RECURSION = YES;
				CLANG_WARN_INT_CONVERSION = YES;
				CLANG_WARN_OBJC_ROOT_CLASS = YES_ERROR;
				CLANG_WARN_SUSPICIOUS_MOVES = YES;
				CLANG_WARN_UNREACHABLE_CODE = YES;
				CLANG_WARN__DUPLICATE_METHOD_MATCH = YES;
				"CODE_SIGN_IDENTITY[sdk=iphoneos*]" = "iPhone Developer";
				COPY_PHASE_STRIP = NO;
				DEBUG_INFORMATION_FORMAT = "dwarf-with-dsym";
				ENABLE_NS_ASSERTIONS = NO;
				ENABLE_STRICT_OBJC_MSGSEND = YES;
				GCC_C_LANGUAGE_STANDARD = gnu99;
				GCC_NO_COMMON_BLOCKS = YES;
				GCC_WARN_64_TO_32_BIT_CONVERSION = YES;
				GCC_WARN_ABOUT_RETURN_TYPE = YES_ERROR;
				GCC_WARN_UNDECLARED_SELECTOR = YES;
				GCC_WARN_UNINITIALIZED_AUTOS = YES_AGGRESSIVE;
				GCC_WARN_UNUSED_FUNCTION = YES;
				GCC_WARN_UNUSED_VARIABLE = YES;
				IPHONEOS_DEPLOYMENT_TARGET = 10.1;
				MTL_ENABLE_DEBUG_INFO = NO;
				SDKROOT = iphoneos;
				SWIFT_OPTIMIZATION_LEVEL = "-Owholemodule";
				VALIDATE_PRODUCT = YES;
			};
			name = Release;
		};
		AD3D92FA1DEF71CD003393D5 /* Debug */ = {
			isa = XCBuildConfiguration;
			buildSettings = {
				ASSETCATALOG_COMPILER_APPICON_NAME = AppIcon;
				DEVELOPMENT_TEAM = YT53AFQ724;
				INFOPLIST_FILE = Trax/Info.plist;
				LD_RUNPATH_SEARCH_PATHS = "$(inherited) @executable_path/Frameworks";
				PRODUCT_BUNDLE_IDENTIFIER = io.github.simengangstad.Trax;
				PRODUCT_NAME = "$(TARGET_NAME)";
				SWIFT_VERSION = 3.0;
				TARGETED_DEVICE_FAMILY = "1,2";
			};
			name = Debug;
		};
		AD3D92FB1DEF71CD003393D5 /* Release */ = {
			isa = XCBuildConfiguration;
			buildSettings = {
				ASSETCATALOG_COMPILER_APPICON_NAME = AppIcon;
				DEVELOPMENT_TEAM = YT53AFQ724;
				INFOPLIST_FILE = Trax/Info.plist;
				LD_RUNPATH_SEARCH_PATHS = "$(inherited) @executable_path/Frameworks";
				PRODUCT_BUNDLE_IDENTIFIER = io.github.simengangstad.Trax;
				PRODUCT_NAME = "$(TARGET_NAME)";
				SWIFT_VERSION = 3.0;
				TARGETED_DEVICE_FAMILY = "1,2";
			};
			name = Release;
		};
/* End XCBuildConfiguration section */

/* Begin XCConfigurationList section */
		AD3D92E21DEF71CD003393D5 /* Build configuration list for PBXProject "Trax" */ = {
			isa = XCConfigurationList;
			buildConfigurations = (
				AD3D92F71DEF71CD003393D5 /* Debug */,
				AD3D92F81DEF71CD003393D5 /* Release */,
			);
			defaultConfigurationIsVisible = 0;
			defaultConfigurationName = Release;
		};
		AD3D92F91DEF71CD003393D5 /* Build configuration list for PBXNativeTarget "Trax" */ = {
			isa = XCConfigurationList;
			buildConfigurations = (
				AD3D92FA1DEF71CD003393D5 /* Debug */,
				AD3D92FB1DEF71CD003393D5 /* Release */,
			);
			defaultConfigurationIsVisible = 0;
			defaultConfigurationName = Release;
		};
/* End XCConfigurationList section */
	};
	rootObject = AD3D92DF1DEF71CD003393D5 /* Project object */;
}
