// !$*UTF8*$!
{
	archiveVersion = 1;
	classes = {
	};
	objectVersion = 46;
	objects = {

/* Begin PBXBuildFile section */
		AD966C711DC0FD1200B74044 /* AppDelegate.swift in Sources */ = {isa = PBXBuildFile; fileRef = AD966C701DC0FD1200B74044 /* AppDelegate.swift */; };
		AD966C761DC0FD1200B74044 /* Main.storyboard in Resources */ = {isa = PBXBuildFile; fileRef = AD966C741DC0FD1200B74044 /* Main.storyboard */; };
		AD966C781DC0FD1200B74044 /* Assets.xcassets in Resources */ = {isa = PBXBuildFile; fileRef = AD966C771DC0FD1200B74044 /* Assets.xcassets */; };
		AD966C7B1DC0FD1200B74044 /* LaunchScreen.storyboard in Resources */ = {isa = PBXBuildFile; fileRef = AD966C791DC0FD1200B74044 /* LaunchScreen.storyboard */; };
		AD966C841DC0FDC300B74044 /* FaceView.swift in Sources */ = {isa = PBXBuildFile; fileRef = AD966C831DC0FDC300B74044 /* FaceView.swift */; };
		AD966C861DC1116900B74044 /* FacialExpression.swift in Sources */ = {isa = PBXBuildFile; fileRef = AD966C851DC1116900B74044 /* FacialExpression.swift */; };
		AD966C881DC112A100B74044 /* FaceViewController.swift in Sources */ = {isa = PBXBuildFile; fileRef = AD966C871DC112A100B74044 /* FaceViewController.swift */; };
/* End PBXBuildFile section */

/* Begin PBXFileReference section */
		AD966C6D1DC0FD1200B74044 /* FaceIt.app */ = {isa = PBXFileReference; explicitFileType = wrapper.application; includeInIndex = 0; path = FaceIt.app; sourceTree = BUILT_PRODUCTS_DIR; };
		AD966C701DC0FD1200B74044 /* AppDelegate.swift */ = {isa = PBXFileReference; lastKnownFileType = sourcecode.swift; path = AppDelegate.swift; sourceTree = "<group>"; };
		AD966C751DC0FD1200B74044 /* Base */ = {isa = PBXFileReference; lastKnownFileType = file.storyboard; name = Base; path = Base.lproj/Main.storyboard; sourceTree = "<group>"; };
		AD966C771DC0FD1200B74044 /* Assets.xcassets */ = {isa = PBXFileReference; lastKnownFileType = folder.assetcatalog; path = Assets.xcassets; sourceTree = "<group>"; };
		AD966C7A1DC0FD1200B74044 /* Base */ = {isa = PBXFileReference; lastKnownFileType = file.storyboard; name = Base; path = Base.lproj/LaunchScreen.storyboard; sourceTree = "<group>"; };
		AD966C7C1DC0FD1200B74044 /* Info.plist */ = {isa = PBXFileReference; lastKnownFileType = text.plist.xml; path = Info.plist; sourceTree = "<group>"; };
		AD966C831DC0FDC300B74044 /* FaceView.swift */ = {isa = PBXFileReference; fileEncoding = 4; lastKnownFileType = sourcecode.swift; path = FaceView.swift; sourceTree = "<group>"; };
		AD966C851DC1116900B74044 /* FacialExpression.swift */ = {isa = PBXFileReference; fileEncoding = 4; lastKnownFileType = sourcecode.swift; path = FacialExpression.swift; sourceTree = "<group>"; };
		AD966C871DC112A100B74044 /* FaceViewController.swift */ = {isa = PBXFileReference; fileEncoding = 4; lastKnownFileType = sourcecode.swift; path = FaceViewController.swift; sourceTree = "<group>"; };
/* End PBXFileReference section */

/* Begin PBXFrameworksBuildPhase section */
		AD966C6A1DC0FD1200B74044 /* Frameworks */ = {
			isa = PBXFrameworksBuildPhase;
			buildActionMask = 2147483647;
			files = (
			);
			runOnlyForDeploymentPostprocessing = 0;
		};
/* End PBXFrameworksBuildPhase section */

/* Begin PBXGroup section */
		AD966C641DC0FD1200B74044 = {
			isa = PBXGroup;
			children = (
				AD966C6F1DC0FD1200B74044 /* FaceIt */,
				AD966C6E1DC0FD1200B74044 /* Products */,
			);
			sourceTree = "<group>";
		};
		AD966C6E1DC0FD1200B74044 /* Products */ = {
			isa = PBXGroup;
			children = (
				AD966C6D1DC0FD1200B74044 /* FaceIt.app */,
			);
			name = Products;
			sourceTree = "<group>";
		};
		AD966C6F1DC0FD1200B74044 /* FaceIt */ = {
			isa = PBXGroup;
			children = (
				AD966C871DC112A100B74044 /* FaceViewController.swift */,
				AD966C821DC0FD2B00B74044 /* Supporting Files */,
				AD966C741DC0FD1200B74044 /* Main.storyboard */,
				AD966C831DC0FDC300B74044 /* FaceView.swift */,
				AD966C851DC1116900B74044 /* FacialExpression.swift */,
			);
			path = FaceIt;
			sourceTree = "<group>";
		};
		AD966C821DC0FD2B00B74044 /* Supporting Files */ = {
			isa = PBXGroup;
			children = (
				AD966C701DC0FD1200B74044 /* AppDelegate.swift */,
				AD966C771DC0FD1200B74044 /* Assets.xcassets */,
				AD966C791DC0FD1200B74044 /* LaunchScreen.storyboard */,
				AD966C7C1DC0FD1200B74044 /* Info.plist */,
			);
			name = "Supporting Files";
			sourceTree = "<group>";
		};
/* End PBXGroup section */

/* Begin PBXNativeTarget section */
		AD966C6C1DC0FD1200B74044 /* FaceIt */ = {
			isa = PBXNativeTarget;
			buildConfigurationList = AD966C7F1DC0FD1200B74044 /* Build configuration list for PBXNativeTarget "FaceIt" */;
			buildPhases = (
				AD966C691DC0FD1200B74044 /* Sources */,
				AD966C6A1DC0FD1200B74044 /* Frameworks */,
				AD966C6B1DC0FD1200B74044 /* Resources */,
			);
			buildRules = (
			);
			dependencies = (
			);
			name = FaceIt;
			productName = FaceIt;
			productReference = AD966C6D1DC0FD1200B74044 /* FaceIt.app */;
			productType = "com.apple.product-type.application";
		};
/* End PBXNativeTarget section */

/* Begin PBXProject section */
		AD966C651DC0FD1200B74044 /* Project object */ = {
			isa = PBXProject;
			attributes = {
				LastSwiftUpdateCheck = 0800;
				LastUpgradeCheck = 0800;
				ORGANIZATIONNAME = "Simen Gangstad";
				TargetAttributes = {
					AD966C6C1DC0FD1200B74044 = {
						CreatedOnToolsVersion = 8.0;
						DevelopmentTeam = YT53AFQ724;
						ProvisioningStyle = Automatic;
					};
				};
			};
			buildConfigurationList = AD966C681DC0FD1200B74044 /* Build configuration list for PBXProject "FaceIt" */;
			compatibilityVersion = "Xcode 3.2";
			developmentRegion = English;
			hasScannedForEncodings = 0;
			knownRegions = (
				en,
				Base,
			);
			mainGroup = AD966C641DC0FD1200B74044;
			productRefGroup = AD966C6E1DC0FD1200B74044 /* Products */;
			projectDirPath = "";
			projectRoot = "";
			targets = (
				AD966C6C1DC0FD1200B74044 /* FaceIt */,
			);
		};
/* End PBXProject section */

/* Begin PBXResourcesBuildPhase section */
		AD966C6B1DC0FD1200B74044 /* Resources */ = {
			isa = PBXResourcesBuildPhase;
			buildActionMask = 2147483647;
			files = (
				AD966C7B1DC0FD1200B74044 /* LaunchScreen.storyboard in Resources */,
				AD966C781DC0FD1200B74044 /* Assets.xcassets in Resources */,
				AD966C761DC0FD1200B74044 /* Main.storyboard in Resources */,
			);
			runOnlyForDeploymentPostprocessing = 0;
		};
/* End PBXResourcesBuildPhase section */

/* Begin PBXSourcesBuildPhase section */
		AD966C691DC0FD1200B74044 /* Sources */ = {
			isa = PBXSourcesBuildPhase;
			buildActionMask = 2147483647;
			files = (
				AD966C861DC1116900B74044 /* FacialExpression.swift in Sources */,
				AD966C881DC112A100B74044 /* FaceViewController.swift in Sources */,
				AD966C711DC0FD1200B74044 /* AppDelegate.swift in Sources */,
				AD966C841DC0FDC300B74044 /* FaceView.swift in Sources */,
			);
			runOnlyForDeploymentPostprocessing = 0;
		};
/* End PBXSourcesBuildPhase section */

/* Begin PBXVariantGroup section */
		AD966C741DC0FD1200B74044 /* Main.storyboard */ = {
			isa = PBXVariantGroup;
			children = (
				AD966C751DC0FD1200B74044 /* Base */,
			);
			name = Main.storyboard;
			sourceTree = "<group>";
		};
		AD966C791DC0FD1200B74044 /* LaunchScreen.storyboard */ = {
			isa = PBXVariantGroup;
			children = (
				AD966C7A1DC0FD1200B74044 /* Base */,
			);
			name = LaunchScreen.storyboard;
			sourceTree = "<group>";
		};
/* End PBXVariantGroup section */

/* Begin XCBuildConfiguration section */
		AD966C7D1DC0FD1200B74044 /* Debug */ = {
			isa = XCBuildConfiguration;
			buildSettings = {
				ALWAYS_SEARCH_USER_PATHS = NO;
				CLANG_ANALYZER_NONNULL = YES;
				CLANG_CXX_LANGUAGE_STANDARD = "gnu++0x";
				CLANG_CXX_LIBRARY = "libc++";
				CLANG_ENABLE_MODULES = YES;
				CLANG_ENABLE_OBJC_ARC = YES;
				CLANG_WARN_BOOL_CONVERSION = YES;
				CLANG_WARN_CONSTANT_CONVERSION = YES;
				CLANG_WARN_DIRECT_OBJC_ISA_USAGE = YES_ERROR;
				CLANG_WARN_DOCUMENTATION_COMMENTS = YES;
				CLANG_WARN_EMPTY_BODY = YES;
				CLANG_WARN_ENUM_CONVERSION = YES;
				CLANG_WARN_INFINITE_RECURSION = YES;
				CLANG_WARN_INT_CONVERSION = YES;
				CLANG_WARN_OBJC_ROOT_CLASS = YES_ERROR;
				CLANG_WARN_SUSPICIOUS_MOVES = YES;
				CLANG_WARN_UNREACHABLE_CODE = YES;
				CLANG_WARN__DUPLICATE_METHOD_MATCH = YES;
				"CODE_SIGN_IDENTITY[sdk=iphoneos*]" = "iPhone Developer";
				COPY_PHASE_STRIP = NO;
				DEBUG_INFORMATION_FORMAT = dwarf;
				ENABLE_STRICT_OBJC_MSGSEND = YES;
				ENABLE_TESTABILITY = YES;
				GCC_C_LANGUAGE_STANDARD = gnu99;
				GCC_DYNAMIC_NO_PIC = NO;
				GCC_NO_COMMON_BLOCKS = YES;
				GCC_OPTIMIZATION_LEVEL = 0;
				GCC_PREPROCESSOR_DEFINITIONS = (
					"DEBUG=1",
					"$(inherited)",
				);
				GCC_WARN_64_TO_32_BIT_CONVERSION = YES;
				GCC_WARN_ABOUT_RETURN_TYPE = YES_ERROR;
				GCC_WARN_UNDECLARED_SELECTOR = YES;
				GCC_WARN_UNINITIALIZED_AUTOS = YES_AGGRESSIVE;
				GCC_WARN_UNUSED_FUNCTION = YES;
				GCC_WARN_UNUSED_VARIABLE = YES;
				IPHONEOS_DEPLOYMENT_TARGET = 10.0;
				MTL_ENABLE_DEBUG_INFO = YES;
				ONLY_ACTIVE_ARCH = YES;
				SDKROOT = iphoneos;
				SWIFT_ACTIVE_COMPILATION_CONDITIONS = DEBUG;
				SWIFT_OPTIMIZATION_LEVEL = "-Onone";
				TARGETED_DEVICE_FAMILY = "1,2";
			};
			name = Debug;
		};
		AD966C7E1DC0FD1200B74044 /* Release */ = {
			isa = XCBuildConfiguration;
			buildSettings = {
				ALWAYS_SEARCH_USER_PATHS = NO;
				CLANG_ANALYZER_NONNULL = YES;
				CLANG_CXX_LANGUAGE_STANDARD = "gnu++0x";
				CLANG_CXX_LIBRARY = "libc++";
				CLANG_ENABLE_MODULES = YES;
				CLANG_ENABLE_OBJC_ARC = YES;
				CLANG_WARN_BOOL_CONVERSION = YES;
				CLANG_WARN_CONSTANT_CONVERSION = YES;
				CLANG_WARN_DIRECT_OBJC_ISA_USAGE = YES_ERROR;
				CLANG_WARN_DOCUMENTATION_COMMENTS = YES;
				CLANG_WARN_EMPTY_BODY = YES;
				CLANG_WARN_ENUM_CONVERSION = YES;
				CLANG_WARN_INFINITE_RECURSION = YES;
				CLANG_WARN_INT_CONVERSION = YES;
				CLANG_WARN_OBJC_ROOT_CLASS = YES_ERROR;
				CLANG_WARN_SUSPICIOUS_MOVES = YES;
				CLANG_WARN_UNREACHABLE_CODE = YES;
				CLANG_WARN__DUPLICATE_METHOD_MATCH = YES;
				"CODE_SIGN_IDENTITY[sdk=iphoneos*]" = "iPhone Developer";
				COPY_PHASE_STRIP = NO;
				DEBUG_INFORMATION_FORMAT = "dwarf-with-dsym";
				ENABLE_NS_ASSERTIONS = NO;
				ENABLE_STRICT_OBJC_MSGSEND = YES;
				GCC_C_LANGUAGE_STANDARD = gnu99;
				GCC_NO_COMMON_BLOCKS = YES;
				GCC_WARN_64_TO_32_BIT_CONVERSION = YES;
				GCC_WARN_ABOUT_RETURN_TYPE = YES_ERROR;
				GCC_WARN_UNDECLARED_SELECTOR = YES;
				GCC_WARN_UNINITIALIZED_AUTOS = YES_AGGRESSIVE;
				GCC_WARN_UNUSED_FUNCTION = YES;
				GCC_WARN_UNUSED_VARIABLE = YES;
				IPHONEOS_DEPLOYMENT_TARGET = 10.0;
				MTL_ENABLE_DEBUG_INFO = NO;
				SDKROOT = iphoneos;
				SWIFT_OPTIMIZATION_LEVEL = "-Owholemodule";
				TARGETED_DEVICE_FAMILY = "1,2";
				VALIDATE_PRODUCT = YES;
			};
			name = Release;
		};
		AD966C801DC0FD1200B74044 /* Debug */ = {
			isa = XCBuildConfiguration;
			buildSettings = {
				ASSETCATALOG_COMPILER_APPICON_NAME = AppIcon;
				DEVELOPMENT_TEAM = YT53AFQ724;
				INFOPLIST_FILE = FaceIt/Info.plist;
				LD_RUNPATH_SEARCH_PATHS = "$(inherited) @executable_path/Frameworks";
				PRODUCT_BUNDLE_IDENTIFIER = io.github.simengangstad.FaceIt;
				PRODUCT_NAME = "$(TARGET_NAME)";
				SWIFT_VERSION = 3.0;
			};
			name = Debug;
		};
		AD966C811DC0FD1200B74044 /* Release */ = {
			isa = XCBuildConfiguration;
			buildSettings = {
				ASSETCATALOG_COMPILER_APPICON_NAME = AppIcon;
				DEVELOPMENT_TEAM = YT53AFQ724;
				INFOPLIST_FILE = FaceIt/Info.plist;
				LD_RUNPATH_SEARCH_PATHS = "$(inherited) @executable_path/Frameworks";
				PRODUCT_BUNDLE_IDENTIFIER = io.github.simengangstad.FaceIt;
				PRODUCT_NAME = "$(TARGET_NAME)";
				SWIFT_VERSION = 3.0;
			};
			name = Release;
		};
/* End XCBuildConfiguration section */

/* Begin XCConfigurationList section */
		AD966C681DC0FD1200B74044 /* Build configuration list for PBXProject "FaceIt" */ = {
			isa = XCConfigurationList;
			buildConfigurations = (
				AD966C7D1DC0FD1200B74044 /* Debug */,
				AD966C7E1DC0FD1200B74044 /* Release */,
			);
			defaultConfigurationIsVisible = 0;
			defaultConfigurationName = Release;
		};
		AD966C7F1DC0FD1200B74044 /* Build configuration list for PBXNativeTarget "FaceIt" */ = {
			isa = XCConfigurationList;
			buildConfigurations = (
				AD966C801DC0FD1200B74044 /* Debug */,
				AD966C811DC0FD1200B74044 /* Release */,
			);
			defaultConfigurationIsVisible = 0;
		};
/* End XCConfigurationList section */
	};
	rootObject = AD966C651DC0FD1200B74044 /* Project object */;
}
