// !$*UTF8*$!
{
	archiveVersion = 1;
	classes = {
	};
	objectVersion = 46;
	objects = {

/* Begin PBXBuildFile section */
		AD402CCB1DCA6EC200B42FA7 /* AppDelegate.swift in Sources */ = {isa = PBXBuildFile; fileRef = AD402CCA1DCA6EC200B42FA7 /* AppDelegate.swift */; };
		AD402CCD1DCA6EC200B42FA7 /* ViewController.swift in Sources */ = {isa = PBXBuildFile; fileRef = AD402CCC1DCA6EC200B42FA7 /* ViewController.swift */; };
		AD402CD01DCA6EC200B42FA7 /* Main.storyboard in Resources */ = {isa = PBXBuildFile; fileRef = AD402CCE1DCA6EC200B42FA7 /* Main.storyboard */; };
		AD402CD21DCA6EC200B42FA7 /* Assets.xcassets in Resources */ = {isa = PBXBuildFile; fileRef = AD402CD11DCA6EC200B42FA7 /* Assets.xcassets */; };
		AD402CD51DCA6EC200B42FA7 /* LaunchScreen.storyboard in Resources */ = {isa = PBXBuildFile; fileRef = AD402CD31DCA6EC200B42FA7 /* LaunchScreen.storyboard */; };
		AD402CDE1DCA6F4000B42FA7 /* DemoURL.swift in Sources */ = {isa = PBXBuildFile; fileRef = AD402CDD1DCA6F4000B42FA7 /* DemoURL.swift */; };
/* End PBXBuildFile section */

/* Begin PBXFileReference section */
		AD402CC71DCA6EC200B42FA7 /* Cassini.app */ = {isa = PBXFileReference; explicitFileType = wrapper.application; includeInIndex = 0; path = Cassini.app; sourceTree = BUILT_PRODUCTS_DIR; };
		AD402CCA1DCA6EC200B42FA7 /* AppDelegate.swift */ = {isa = PBXFileReference; lastKnownFileType = sourcecode.swift; path = AppDelegate.swift; sourceTree = "<group>"; };
		AD402CCC1DCA6EC200B42FA7 /* ViewController.swift */ = {isa = PBXFileReference; lastKnownFileType = sourcecode.swift; path = ViewController.swift; sourceTree = "<group>"; };
		AD402CCF1DCA6EC200B42FA7 /* Base */ = {isa = PBXFileReference; lastKnownFileType = file.storyboard; name = Base; path = Base.lproj/Main.storyboard; sourceTree = "<group>"; };
		AD402CD11DCA6EC200B42FA7 /* Assets.xcassets */ = {isa = PBXFileReference; lastKnownFileType = folder.assetcatalog; path = Assets.xcassets; sourceTree = "<group>"; };
		AD402CD41DCA6EC200B42FA7 /* Base */ = {isa = PBXFileReference; lastKnownFileType = file.storyboard; name = Base; path = Base.lproj/LaunchScreen.storyboard; sourceTree = "<group>"; };
		AD402CD61DCA6EC200B42FA7 /* Info.plist */ = {isa = PBXFileReference; lastKnownFileType = text.plist.xml; path = Info.plist; sourceTree = "<group>"; };
		AD402CDD1DCA6F4000B42FA7 /* DemoURL.swift */ = {isa = PBXFileReference; fileEncoding = 4; lastKnownFileType = sourcecode.swift; path = DemoURL.swift; sourceTree = "<group>"; };
/* End PBXFileReference section */

/* Begin PBXFrameworksBuildPhase section */
		AD402CC41DCA6EC200B42FA7 /* Frameworks */ = {
			isa = PBXFrameworksBuildPhase;
			buildActionMask = 2147483647;
			files = (
			);
			runOnlyForDeploymentPostprocessing = 0;
		};
/* End PBXFrameworksBuildPhase section */

/* Begin PBXGroup section */
		AD402CBE1DCA6EC200B42FA7 = {
			isa = PBXGroup;
			children = (
				AD402CC91DCA6EC200B42FA7 /* Cassini */,
				AD402CC81DCA6EC200B42FA7 /* Products */,
			);
			sourceTree = "<group>";
		};
		AD402CC81DCA6EC200B42FA7 /* Products */ = {
			isa = PBXGroup;
			children = (
				AD402CC71DCA6EC200B42FA7 /* Cassini.app */,
			);
			name = Products;
			sourceTree = "<group>";
		};
		AD402CC91DCA6EC200B42FA7 /* Cassini */ = {
			isa = PBXGroup;
			children = (
				AD402CDC1DCA6EE000B42FA7 /* Supporting files */,
				AD402CCC1DCA6EC200B42FA7 /* ViewController.swift */,
				AD402CCE1DCA6EC200B42FA7 /* Main.storyboard */,
				AD402CDD1DCA6F4000B42FA7 /* DemoURL.swift */,
				AD402CD61DCA6EC200B42FA7 /* Info.plist */,
			);
			path = Cassini;
			sourceTree = "<group>";
		};
		AD402CDC1DCA6EE000B42FA7 /* Supporting files */ = {
			isa = PBXGroup;
			children = (
				AD402CCA1DCA6EC200B42FA7 /* AppDelegate.swift */,
				AD402CD11DCA6EC200B42FA7 /* Assets.xcassets */,
				AD402CD31DCA6EC200B42FA7 /* LaunchScreen.storyboard */,
			);
			name = "Supporting files";
			sourceTree = "<group>";
		};
/* End PBXGroup section */

/* Begin PBXNativeTarget section */
		AD402CC61DCA6EC200B42FA7 /* Cassini */ = {
			isa = PBXNativeTarget;
			buildConfigurationList = AD402CD91DCA6EC200B42FA7 /* Build configuration list for PBXNativeTarget "Cassini" */;
			buildPhases = (
				AD402CC31DCA6EC200B42FA7 /* Sources */,
				AD402CC41DCA6EC200B42FA7 /* Frameworks */,
				AD402CC51DCA6EC200B42FA7 /* Resources */,
			);
			buildRules = (
			);
			dependencies = (
			);
			name = Cassini;
			productName = Cassini;
			productReference = AD402CC71DCA6EC200B42FA7 /* Cassini.app */;
			productType = "com.apple.product-type.application";
		};
/* End PBXNativeTarget section */

/* Begin PBXProject section */
		AD402CBF1DCA6EC200B42FA7 /* Project object */ = {
			isa = PBXProject;
			attributes = {
				LastSwiftUpdateCheck = 0800;
				LastUpgradeCheck = 0800;
				ORGANIZATIONNAME = "Simen Gangstad";
				TargetAttributes = {
					AD402CC61DCA6EC200B42FA7 = {
						CreatedOnToolsVersion = 8.0;
						DevelopmentTeam = YT53AFQ724;
						ProvisioningStyle = Automatic;
					};
				};
			};
			buildConfigurationList = AD402CC21DCA6EC200B42FA7 /* Build configuration list for PBXProject "Cassini" */;
			compatibilityVersion = "Xcode 3.2";
			developmentRegion = English;
			hasScannedForEncodings = 0;
			knownRegions = (
				en,
				Base,
			);
			mainGroup = AD402CBE1DCA6EC200B42FA7;
			productRefGroup = AD402CC81DCA6EC200B42FA7 /* Products */;
			projectDirPath = "";
			projectRoot = "";
			targets = (
				AD402CC61DCA6EC200B42FA7 /* Cassini */,
			);
		};
/* End PBXProject section */

/* Begin PBXResourcesBuildPhase section */
		AD402CC51DCA6EC200B42FA7 /* Resources */ = {
			isa = PBXResourcesBuildPhase;
			buildActionMask = 2147483647;
			files = (
				AD402CD51DCA6EC200B42FA7 /* LaunchScreen.storyboard in Resources */,
				AD402CD21DCA6EC200B42FA7 /* Assets.xcassets in Resources */,
				AD402CD01DCA6EC200B42FA7 /* Main.storyboard in Resources */,
			);
			runOnlyForDeploymentPostprocessing = 0;
		};
/* End PBXResourcesBuildPhase section */

/* Begin PBXSourcesBuildPhase section */
		AD402CC31DCA6EC200B42FA7 /* Sources */ = {
			isa = PBXSourcesBuildPhase;
			buildActionMask = 2147483647;
			files = (
				AD402CCD1DCA6EC200B42FA7 /* ViewController.swift in Sources */,
				AD402CCB1DCA6EC200B42FA7 /* AppDelegate.swift in Sources */,
				AD402CDE1DCA6F4000B42FA7 /* DemoURL.swift in Sources */,
			);
			runOnlyForDeploymentPostprocessing = 0;
		};
/* End PBXSourcesBuildPhase section */

/* Begin PBXVariantGroup section */
		AD402CCE1DCA6EC200B42FA7 /* Main.storyboard */ = {
			isa = PBXVariantGroup;
			children = (
				AD402CCF1DCA6EC200B42FA7 /* Base */,
			);
			name = Main.storyboard;
			sourceTree = "<group>";
		};
		AD402CD31DCA6EC200B42FA7 /* LaunchScreen.storyboard */ = {
			isa = PBXVariantGroup;
			children = (
				AD402CD41DCA6EC200B42FA7 /* Base */,
			);
			name = LaunchScreen.storyboard;
			sourceTree = "<group>";
		};
/* End PBXVariantGroup section */

/* Begin XCBuildConfiguration section */
		AD402CD71DCA6EC200B42FA7 /* Debug */ = {
			isa = XCBuildConfiguration;
			buildSettings = {
				ALWAYS_SEARCH_USER_PATHS = NO;
				CLANG_ANALYZER_NONNULL = YES;
				CLANG_CXX_LANGUAGE_STANDARD = "gnu++0x";
				CLANG_CXX_LIBRARY = "libc++";
				CLANG_ENABLE_MODULES = YES;
				CLANG_ENABLE_OBJC_ARC = YES;
				CLANG_WARN_BOOL_CONVERSION = YES;
				CLANG_WARN_CONSTANT_CONVERSION = YES;
				CLANG_WARN_DIRECT_OBJC_ISA_USAGE = YES_ERROR;
				CLANG_WARN_DOCUMENTATION_COMMENTS = YES;
				CLANG_WARN_EMPTY_BODY = YES;
				CLANG_WARN_ENUM_CONVERSION = YES;
				CLANG_WARN_INFINITE_RECURSION = YES;
				CLANG_WARN_INT_CONVERSION = YES;
				CLANG_WARN_OBJC_ROOT_CLASS = YES_ERROR;
				CLANG_WARN_SUSPICIOUS_MOVES = YES;
				CLANG_WARN_UNREACHABLE_CODE = YES;
				CLANG_WARN__DUPLICATE_METHOD_MATCH = YES;
				"CODE_SIGN_IDENTITY[sdk=iphoneos*]" = "iPhone Developer";
				COPY_PHASE_STRIP = NO;
				DEBUG_INFORMATION_FORMAT = dwarf;
				ENABLE_STRICT_OBJC_MSGSEND = YES;
				ENABLE_TESTABILITY = YES;
				GCC_C_LANGUAGE_STANDARD = gnu99;
				GCC_DYNAMIC_NO_PIC = NO;
				GCC_NO_COMMON_BLOCKS = YES;
				GCC_OPTIMIZATION_LEVEL = 0;
				GCC_PREPROCESSOR_DEFINITIONS = (
					"DEBUG=1",
					"$(inherited)",
				);
				GCC_WARN_64_TO_32_BIT_CONVERSION = YES;
				GCC_WARN_ABOUT_RETURN_TYPE = YES_ERROR;
				GCC_WARN_UNDECLARED_SELECTOR = YES;
				GCC_WARN_UNINITIALIZED_AUTOS = YES_AGGRESSIVE;
				GCC_WARN_UNUSED_FUNCTION = YES;
				GCC_WARN_UNUSED_VARIABLE = YES;
				IPHONEOS_DEPLOYMENT_TARGET = 10.0;
				MTL_ENABLE_DEBUG_INFO = YES;
				ONLY_ACTIVE_ARCH = YES;
				SDKROOT = iphoneos;
				SWIFT_ACTIVE_COMPILATION_CONDITIONS = DEBUG;
				SWIFT_OPTIMIZATION_LEVEL = "-Onone";
				TARGETED_DEVICE_FAMILY = "1,2";
			};
			name = Debug;
		};
		AD402CD81DCA6EC200B42FA7 /* Release */ = {
			isa = XCBuildConfiguration;
			buildSettings = {
				ALWAYS_SEARCH_USER_PATHS = NO;
				CLANG_ANALYZER_NONNULL = YES;
				CLANG_CXX_LANGUAGE_STANDARD = "gnu++0x";
				CLANG_CXX_LIBRARY = "libc++";
				CLANG_ENABLE_MODULES = YES;
				CLANG_ENABLE_OBJC_ARC = YES;
				CLANG_WARN_BOOL_CONVERSION = YES;
				CLANG_WARN_CONSTANT_CONVERSION = YES;
				CLANG_WARN_DIRECT_OBJC_ISA_USAGE = YES_ERROR;
				CLANG_WARN_DOCUMENTATION_COMMENTS = YES;
				CLANG_WARN_EMPTY_BODY = YES;
				CLANG_WARN_ENUM_CONVERSION = YES;
				CLANG_WARN_INFINITE_RECURSION = YES;
				CLANG_WARN_INT_CONVERSION = YES;
				CLANG_WARN_OBJC_ROOT_CLASS = YES_ERROR;
				CLANG_WARN_SUSPICIOUS_MOVES = YES;
				CLANG_WARN_UNREACHABLE_CODE = YES;
				CLANG_WARN__DUPLICATE_METHOD_MATCH = YES;
				"CODE_SIGN_IDENTITY[sdk=iphoneos*]" = "iPhone Developer";
				COPY_PHASE_STRIP = NO;
				DEBUG_INFORMATION_FORMAT = "dwarf-with-dsym";
				ENABLE_NS_ASSERTIONS = NO;
				ENABLE_STRICT_OBJC_MSGSEND = YES;
				GCC_C_LANGUAGE_STANDARD = gnu99;
				GCC_NO_COMMON_BLOCKS = YES;
				GCC_WARN_64_TO_32_BIT_CONVERSION = YES;
				GCC_WARN_ABOUT_RETURN_TYPE = YES_ERROR;
				GCC_WARN_UNDECLARED_SELECTOR = YES;
				GCC_WARN_UNINITIALIZED_AUTOS = YES_AGGRESSIVE;
				GCC_WARN_UNUSED_FUNCTION = YES;
				GCC_WARN_UNUSED_VARIABLE = YES;
				IPHONEOS_DEPLOYMENT_TARGET = 10.0;
				MTL_ENABLE_DEBUG_INFO = NO;
				SDKROOT = iphoneos;
				SWIFT_OPTIMIZATION_LEVEL = "-Owholemodule";
				TARGETED_DEVICE_FAMILY = "1,2";
				VALIDATE_PRODUCT = YES;
			};
			name = Release;
		};
		AD402CDA1DCA6EC200B42FA7 /* Debug */ = {
			isa = XCBuildConfiguration;
			buildSettings = {
				ASSETCATALOG_COMPILER_APPICON_NAME = AppIcon;
				DEVELOPMENT_TEAM = YT53AFQ724;
				INFOPLIST_FILE = Cassini/Info.plist;
				LD_RUNPATH_SEARCH_PATHS = "$(inherited) @executable_path/Frameworks";
				PRODUCT_BUNDLE_IDENTIFIER = io.github.simengangstad.Cassini;
				PRODUCT_NAME = "$(TARGET_NAME)";
				SWIFT_VERSION = 3.0;
			};
			name = Debug;
		};
		AD402CDB1DCA6EC200B42FA7 /* Release */ = {
			isa = XCBuildConfiguration;
			buildSettings = {
				ASSETCATALOG_COMPILER_APPICON_NAME = AppIcon;
				DEVELOPMENT_TEAM = YT53AFQ724;
				INFOPLIST_FILE = Cassini/Info.plist;
				LD_RUNPATH_SEARCH_PATHS = "$(inherited) @executable_path/Frameworks";
				PRODUCT_BUNDLE_IDENTIFIER = io.github.simengangstad.Cassini;
				PRODUCT_NAME = "$(TARGET_NAME)";
				SWIFT_VERSION = 3.0;
			};
			name = Release;
		};
/* End XCBuildConfiguration section */

/* Begin XCConfigurationList section */
		AD402CC21DCA6EC200B42FA7 /* Build configuration list for PBXProject "Cassini" */ = {
			isa = XCConfigurationList;
			buildConfigurations = (
				AD402CD71DCA6EC200B42FA7 /* Debug */,
				AD402CD81DCA6EC200B42FA7 /* Release */,
			);
			defaultConfigurationIsVisible = 0;
			defaultConfigurationName = Release;
		};
		AD402CD91DCA6EC200B42FA7 /* Build configuration list for PBXNativeTarget "Cassini" */ = {
			isa = XCConfigurationList;
			buildConfigurations = (
				AD402CDA1DCA6EC200B42FA7 /* Debug */,
				AD402CDB1DCA6EC200B42FA7 /* Release */,
			);
			defaultConfigurationIsVisible = 0;
		};
/* End XCConfigurationList section */
	};
	rootObject = AD402CBF1DCA6EC200B42FA7 /* Project object */;
}
