// !$*UTF8*$!
{
	archiveVersion = 1;
	classes = {
	};
	objectVersion = 46;
	objects = {

/* Begin PBXBuildFile section */
		AD066F1C1DABBC66003872CF /* CalculatorBrain.swift in Sources */ = {isa = PBXBuildFile; fileRef = AD066F1B1DABBC66003872CF /* CalculatorBrain.swift */; };
		AD424B961DA6D03C00B9FAC9 /* AppDelegate.swift in Sources */ = {isa = PBXBuildFile; fileRef = AD424B951DA6D03C00B9FAC9 /* AppDelegate.swift */; };
		AD424B981DA6D03C00B9FAC9 /* ViewController.swift in Sources */ = {isa = PBXBuildFile; fileRef = AD424B971DA6D03C00B9FAC9 /* ViewController.swift */; };
		AD424B9B1DA6D03C00B9FAC9 /* Main.storyboard in Resources */ = {isa = PBXBuildFile; fileRef = AD424B991DA6D03C00B9FAC9 /* Main.storyboard */; };
		AD424B9D1DA6D03C00B9FAC9 /* Assets.xcassets in Resources */ = {isa = PBXBuildFile; fileRef = AD424B9C1DA6D03C00B9FAC9 /* Assets.xcassets */; };
		AD424BA01DA6D03C00B9FAC9 /* LaunchScreen.storyboard in Resources */ = {isa = PBXBuildFile; fileRef = AD424B9E1DA6D03C00B9FAC9 /* LaunchScreen.storyboard */; };
/* End PBXBuildFile section */

/* Begin PBXFileReference section */
		AD066F1B1DABBC66003872CF /* CalculatorBrain.swift */ = {isa = PBXFileReference; fileEncoding = 4; lastKnownFileType = sourcecode.swift; path = CalculatorBrain.swift; sourceTree = "<group>"; };
		AD424B921DA6D03C00B9FAC9 /* Calculator.app */ = {isa = PBXFileReference; explicitFileType = wrapper.application; includeInIndex = 0; path = Calculator.app; sourceTree = BUILT_PRODUCTS_DIR; };
		AD424B951DA6D03C00B9FAC9 /* AppDelegate.swift */ = {isa = PBXFileReference; lastKnownFileType = sourcecode.swift; path = AppDelegate.swift; sourceTree = "<group>"; };
		AD424B971DA6D03C00B9FAC9 /* ViewController.swift */ = {isa = PBXFileReference; lastKnownFileType = sourcecode.swift; path = ViewController.swift; sourceTree = "<group>"; };
		AD424B9A1DA6D03C00B9FAC9 /* Base */ = {isa = PBXFileReference; lastKnownFileType = file.storyboard; name = Base; path = Base.lproj/Main.storyboard; sourceTree = "<group>"; };
		AD424B9C1DA6D03C00B9FAC9 /* Assets.xcassets */ = {isa = PBXFileReference; lastKnownFileType = folder.assetcatalog; path = Assets.xcassets; sourceTree = "<group>"; };
		AD424B9F1DA6D03C00B9FAC9 /* Base */ = {isa = PBXFileReference; lastKnownFileType = file.storyboard; name = Base; path = Base.lproj/LaunchScreen.storyboard; sourceTree = "<group>"; };
		AD424BA11DA6D03C00B9FAC9 /* Info.plist */ = {isa = PBXFileReference; lastKnownFileType = text.plist.xml; path = Info.plist; sourceTree = "<group>"; };
/* End PBXFileReference section */

/* Begin PBXFrameworksBuildPhase section */
		AD424B8F1DA6D03C00B9FAC9 /* Frameworks */ = {
			isa = PBXFrameworksBuildPhase;
			buildActionMask = 2147483647;
			files = (
			);
			runOnlyForDeploymentPostprocessing = 0;
		};
/* End PBXFrameworksBuildPhase section */

/* Begin PBXGroup section */
		AD424B891DA6D03C00B9FAC9 = {
			isa = PBXGroup;
			children = (
				AD424B941DA6D03C00B9FAC9 /* Calculator */,
				AD424B931DA6D03C00B9FAC9 /* Products */,
			);
			sourceTree = "<group>";
		};
		AD424B931DA6D03C00B9FAC9 /* Products */ = {
			isa = PBXGroup;
			children = (
				AD424B921DA6D03C00B9FAC9 /* Calculator.app */,
			);
			name = Products;
			sourceTree = "<group>";
		};
		AD424B941DA6D03C00B9FAC9 /* Calculator */ = {
			isa = PBXGroup;
			children = (
				AD424BA71DA6D17700B9FAC9 /* Supporting files */,
				AD424B971DA6D03C00B9FAC9 /* ViewController.swift */,
				AD066F1B1DABBC66003872CF /* CalculatorBrain.swift */,
				AD424B991DA6D03C00B9FAC9 /* Main.storyboard */,
			);
			path = Calculator;
			sourceTree = "<group>";
		};
		AD424BA71DA6D17700B9FAC9 /* Supporting files */ = {
			isa = PBXGroup;
			children = (
				AD424B951DA6D03C00B9FAC9 /* AppDelegate.swift */,
				AD424B9C1DA6D03C00B9FAC9 /* Assets.xcassets */,
				AD424B9E1DA6D03C00B9FAC9 /* LaunchScreen.storyboard */,
				AD424BA11DA6D03C00B9FAC9 /* Info.plist */,
			);
			name = "Supporting files";
			sourceTree = "<group>";
		};
/* End PBXGroup section */

/* Begin PBXNativeTarget section */
		AD424B911DA6D03C00B9FAC9 /* Calculator */ = {
			isa = PBXNativeTarget;
			buildConfigurationList = AD424BA41DA6D03C00B9FAC9 /* Build configuration list for PBXNativeTarget "Calculator" */;
			buildPhases = (
				AD424B8E1DA6D03C00B9FAC9 /* Sources */,
				AD424B8F1DA6D03C00B9FAC9 /* Frameworks */,
				AD424B901DA6D03C00B9FAC9 /* Resources */,
			);
			buildRules = (
			);
			dependencies = (
			);
			name = Calculator;
			productName = Calculator;
			productReference = AD424B921DA6D03C00B9FAC9 /* Calculator.app */;
			productType = "com.apple.product-type.application";
		};
/* End PBXNativeTarget section */

/* Begin PBXProject section */
		AD424B8A1DA6D03C00B9FAC9 /* Project object */ = {
			isa = PBXProject;
			attributes = {
				LastSwiftUpdateCheck = 0800;
				LastUpgradeCheck = 0800;
				ORGANIZATIONNAME = "Simen Gangstad";
				TargetAttributes = {
					AD424B911DA6D03C00B9FAC9 = {
						CreatedOnToolsVersion = 8.0;
						ProvisioningStyle = Automatic;
					};
				};
			};
			buildConfigurationList = AD424B8D1DA6D03C00B9FAC9 /* Build configuration list for PBXProject "Calculator" */;
			compatibilityVersion = "Xcode 3.2";
			developmentRegion = English;
			hasScannedForEncodings = 0;
			knownRegions = (
				en,
				Base,
			);
			mainGroup = AD424B891DA6D03C00B9FAC9;
			productRefGroup = AD424B931DA6D03C00B9FAC9 /* Products */;
			projectDirPath = "";
			projectRoot = "";
			targets = (
				AD424B911DA6D03C00B9FAC9 /* Calculator */,
			);
		};
/* End PBXProject section */

/* Begin PBXResourcesBuildPhase section */
		AD424B901DA6D03C00B9FAC9 /* Resources */ = {
			isa = PBXResourcesBuildPhase;
			buildActionMask = 2147483647;
			files = (
				AD424BA01DA6D03C00B9FAC9 /* LaunchScreen.storyboard in Resources */,
				AD424B9D1DA6D03C00B9FAC9 /* Assets.xcassets in Resources */,
				AD424B9B1DA6D03C00B9FAC9 /* Main.storyboard in Resources */,
			);
			runOnlyForDeploymentPostprocessing = 0;
		};
/* End PBXResourcesBuildPhase section */

/* Begin PBXSourcesBuildPhase section */
		AD424B8E1DA6D03C00B9FAC9 /* Sources */ = {
			isa = PBXSourcesBuildPhase;
			buildActionMask = 2147483647;
			files = (
				AD066F1C1DABBC66003872CF /* CalculatorBrain.swift in Sources */,
				AD424B981DA6D03C00B9FAC9 /* ViewController.swift in Sources */,
				AD424B961DA6D03C00B9FAC9 /* AppDelegate.swift in Sources */,
			);
			runOnlyForDeploymentPostprocessing = 0;
		};
/* End PBXSourcesBuildPhase section */

/* Begin PBXVariantGroup section */
		AD424B991DA6D03C00B9FAC9 /* Main.storyboard */ = {
			isa = PBXVariantGroup;
			children = (
				AD424B9A1DA6D03C00B9FAC9 /* Base */,
			);
			name = Main.storyboard;
			sourceTree = "<group>";
		};
		AD424B9E1DA6D03C00B9FAC9 /* LaunchScreen.storyboard */ = {
			isa = PBXVariantGroup;
			children = (
				AD424B9F1DA6D03C00B9FAC9 /* Base */,
			);
			name = LaunchScreen.storyboard;
			sourceTree = "<group>";
		};
/* End PBXVariantGroup section */

/* Begin XCBuildConfiguration section */
		AD424BA21DA6D03C00B9FAC9 /* Debug */ = {
			isa = XCBuildConfiguration;
			buildSettings = {
				ALWAYS_SEARCH_USER_PATHS = NO;
				CLANG_ANALYZER_NONNULL = YES;
				CLANG_CXX_LANGUAGE_STANDARD = "gnu++0x";
				CLANG_CXX_LIBRARY = "libc++";
				CLANG_ENABLE_MODULES = YES;
				CLANG_ENABLE_OBJC_ARC = YES;
				CLANG_WARN_BOOL_CONVERSION = YES;
				CLANG_WARN_CONSTANT_CONVERSION = YES;
				CLANG_WARN_DIRECT_OBJC_ISA_USAGE = YES_ERROR;
				CLANG_WARN_DOCUMENTATION_COMMENTS = YES;
				CLANG_WARN_EMPTY_BODY = YES;
				CLANG_WARN_ENUM_CONVERSION = YES;
				CLANG_WARN_INFINITE_RECURSION = YES;
				CLANG_WARN_INT_CONVERSION = YES;
				CLANG_WARN_OBJC_ROOT_CLASS = YES_ERROR;
				CLANG_WARN_SUSPICIOUS_MOVES = YES;
				CLANG_WARN_UNREACHABLE_CODE = YES;
				CLANG_WARN__DUPLICATE_METHOD_MATCH = YES;
				"CODE_SIGN_IDENTITY[sdk=iphoneos*]" = "iPhone Developer";
				COPY_PHASE_STRIP = NO;
				DEBUG_INFORMATION_FORMAT = dwarf;
				ENABLE_STRICT_OBJC_MSGSEND = YES;
				ENABLE_TESTABILITY = YES;
				GCC_C_LANGUAGE_STANDARD = gnu99;
				GCC_DYNAMIC_NO_PIC = NO;
				GCC_NO_COMMON_BLOCKS = YES;
				GCC_OPTIMIZATION_LEVEL = 0;
				GCC_PREPROCESSOR_DEFINITIONS = (
					"DEBUG=1",
					"$(inherited)",
				);
				GCC_WARN_64_TO_32_BIT_CONVERSION = YES;
				GCC_WARN_ABOUT_RETURN_TYPE = YES_ERROR;
				GCC_WARN_UNDECLARED_SELECTOR = YES;
				GCC_WARN_UNINITIALIZED_AUTOS = YES_AGGRESSIVE;
				GCC_WARN_UNUSED_FUNCTION = YES;
				GCC_WARN_UNUSED_VARIABLE = YES;
				IPHONEOS_DEPLOYMENT_TARGET = 10.0;
				MTL_ENABLE_DEBUG_INFO = YES;
				ONLY_ACTIVE_ARCH = YES;
				SDKROOT = iphoneos;
				SWIFT_ACTIVE_COMPILATION_CONDITIONS = DEBUG;
				SWIFT_OPTIMIZATION_LEVEL = "-Onone";
				TARGETED_DEVICE_FAMILY = "1,2";
			};
			name = Debug;
		};
		AD424BA31DA6D03C00B9FAC9 /* Release */ = {
			isa = XCBuildConfiguration;
			buildSettings = {
				ALWAYS_SEARCH_USER_PATHS = NO;
				CLANG_ANALYZER_NONNULL = YES;
				CLANG_CXX_LANGUAGE_STANDARD = "gnu++0x";
				CLANG_CXX_LIBRARY = "libc++";
				CLANG_ENABLE_MODULES = YES;
				CLANG_ENABLE_OBJC_ARC = YES;
				CLANG_WARN_BOOL_CONVERSION = YES;
				CLANG_WARN_CONSTANT_CONVERSION = YES;
				CLANG_WARN_DIRECT_OBJC_ISA_USAGE = YES_ERROR;
				CLANG_WARN_DOCUMENTATION_COMMENTS = YES;
				CLANG_WARN_EMPTY_BODY = YES;
				CLANG_WARN_ENUM_CONVERSION = YES;
				CLANG_WARN_INFINITE_RECURSION = YES;
				CLANG_WARN_INT_CONVERSION = YES;
				CLANG_WARN_OBJC_ROOT_CLASS = YES_ERROR;
				CLANG_WARN_SUSPICIOUS_MOVES = YES;
				CLANG_WARN_UNREACHABLE_CODE = YES;
				CLANG_WARN__DUPLICATE_METHOD_MATCH = YES;
				"CODE_SIGN_IDENTITY[sdk=iphoneos*]" = "iPhone Developer";
				COPY_PHASE_STRIP = NO;
				DEBUG_INFORMATION_FORMAT = "dwarf-with-dsym";
				ENABLE_NS_ASSERTIONS = NO;
				ENABLE_STRICT_OBJC_MSGSEND = YES;
				GCC_C_LANGUAGE_STANDARD = gnu99;
				GCC_NO_COMMON_BLOCKS = YES;
				GCC_WARN_64_TO_32_BIT_CONVERSION = YES;
				GCC_WARN_ABOUT_RETURN_TYPE = YES_ERROR;
				GCC_WARN_UNDECLARED_SELECTOR = YES;
				GCC_WARN_UNINITIALIZED_AUTOS = YES_AGGRESSIVE;
				GCC_WARN_UNUSED_FUNCTION = YES;
				GCC_WARN_UNUSED_VARIABLE = YES;
				IPHONEOS_DEPLOYMENT_TARGET = 10.0;
				MTL_ENABLE_DEBUG_INFO = NO;
				SDKROOT = iphoneos;
				SWIFT_OPTIMIZATION_LEVEL = "-Owholemodule";
				TARGETED_DEVICE_FAMILY = "1,2";
				VALIDATE_PRODUCT = YES;
			};
			name = Release;
		};
		AD424BA51DA6D03C00B9FAC9 /* Debug */ = {
			isa = XCBuildConfiguration;
			buildSettings = {
				ASSETCATALOG_COMPILER_APPICON_NAME = AppIcon;
				INFOPLIST_FILE = Calculator/Info.plist;
				LD_RUNPATH_SEARCH_PATHS = "$(inherited) @executable_path/Frameworks";
				PRODUCT_BUNDLE_IDENTIFIER = io.github.simengangstad.Calculator;
				PRODUCT_NAME = "$(TARGET_NAME)";
				SWIFT_VERSION = 3.0;
			};
			name = Debug;
		};
		AD424BA61DA6D03C00B9FAC9 /* Release */ = {
			isa = XCBuildConfiguration;
			buildSettings = {
				ASSETCATALOG_COMPILER_APPICON_NAME = AppIcon;
				INFOPLIST_FILE = Calculator/Info.plist;
				LD_RUNPATH_SEARCH_PATHS = "$(inherited) @executable_path/Frameworks";
				PRODUCT_BUNDLE_IDENTIFIER = io.github.simengangstad.Calculator;
				PRODUCT_NAME = "$(TARGET_NAME)";
				SWIFT_VERSION = 3.0;
			};
			name = Release;
		};
/* End XCBuildConfiguration section */

/* Begin XCConfigurationList section */
		AD424B8D1DA6D03C00B9FAC9 /* Build configuration list for PBXProject "Calculator" */ = {
			isa = XCConfigurationList;
			buildConfigurations = (
				AD424BA21DA6D03C00B9FAC9 /* Debug */,
				AD424BA31DA6D03C00B9FAC9 /* Release */,
			);
			defaultConfigurationIsVisible = 0;
			defaultConfigurationName = Release;
		};
		AD424BA41DA6D03C00B9FAC9 /* Build configuration list for PBXNativeTarget "Calculator" */ = {
			isa = XCConfigurationList;
			buildConfigurations = (
				AD424BA51DA6D03C00B9FAC9 /* Debug */,
				AD424BA61DA6D03C00B9FAC9 /* Release */,
			);
			defaultConfigurationIsVisible = 0;
			defaultConfigurationName = Release;
		};
/* End XCConfigurationList section */
	};
	rootObject = AD424B8A1DA6D03C00B9FAC9 /* Project object */;
}
